
Microsoft Visual Studio Solution File, Format Version 12.00
# Visual Studio Version 17
VisualStudioVersion = 17.7.34031.279
MinimumVisualStudioVersion = 10.0.40219.1
Project("{FAE04EC0-301F-11D3-BF4B-00C04F79EFBC}") = "Example10", "Example10\Example10.csproj", "{AEA830A4-BFF6-49F3-8A60-66E623E3F465}"
EndProject
Global
	GlobalSection(SolutionConfigurationPlatforms) = preSolution
		Debug|Any CPU = Debug|Any CPU
		Release|Any CPU = Release|Any CPU
	EndGlobalSection
	GlobalSection(ProjectConfigurationPlatforms) = postSolution
		{AEA830A4-BFF6-49F3-8A60-66E623E3F465}.Debug|Any CPU.ActiveCfg = Debug|Any CPU
		{AEA830A4-BFF6-49F3-8A60-66E623E3F465}.Debug|Any CPU.Build.0 = Debug|Any CPU
		{AEA830A4-BFF6-49F3-8A60-66E623E3F465}.Release|Any CPU.ActiveCfg = Release|Any CPU
		{AEA830A4-BFF6-49F3-8A60-66E623E3F465}.Release|Any CPU.Build.0 = Release|Any CPU
	EndGlobalSection
	GlobalSection(SolutionProperties) = preSolution
		HideSolutionNode = FALSE
	EndGlobalSection
	GlobalSection(ExtensibilityGlobals) = postSolution
		SolutionGuid = {F5E3A4BF-22ED-4800-9AEA-7343DE97C7E4}
	EndGlobalSection
EndGlobal
